// !$*UTF8*$!
{
	archiveVersion = 1;
	classes = {
	};
	objectVersion = 55;
	objects = {

/* Begin PBXBuildFile section */
		04E00A812726BBEE0072A62B /* AppDelegate.swift in Sources */ = {isa = PBXBuildFile; fileRef = 04E00A802726BBEE0072A62B /* AppDelegate.swift */; };
		04E00A832726BBEE0072A62B /* SceneDelegate.swift in Sources */ = {isa = PBXBuildFile; fileRef = 04E00A822726BBEE0072A62B /* SceneDelegate.swift */; };
		04E00A852726BBEE0072A62B /* ViewController.swift in Sources */ = {isa = PBXBuildFile; fileRef = 04E00A842726BBEE0072A62B /* ViewController.swift */; };
		04E00A882726BBEE0072A62B /* Main.storyboard in Resources */ = {isa = PBXBuildFile; fileRef = 04E00A862726BBEE0072A62B /* Main.storyboard */; };
		04E00A8A2726BBF40072A62B /* Assets.xcassets in Resources */ = {isa = PBXBuildFile; fileRef = 04E00A892726BBF40072A62B /* Assets.xcassets */; };
		04E00A8D2726BBF40072A62B /* LaunchScreen.storyboard in Resources */ = {isa = PBXBuildFile; fileRef = 04E00A8B2726BBF40072A62B /* LaunchScreen.storyboard */; };
		04E00A982726BBF40072A62B /* Choose_My_PetTests.swift in Sources */ = {isa = PBXBuildFile; fileRef = 04E00A972726BBF40072A62B /* Choose_My_PetTests.swift */; };
		04E00AA22726BBF40072A62B /* Choose_My_PetUITests.swift in Sources */ = {isa = PBXBuildFile; fileRef = 04E00AA12726BBF40072A62B /* Choose_My_PetUITests.swift */; };
		04E00AA42726BBF40072A62B /* Choose_My_PetUITestsLaunchTests.swift in Sources */ = {isa = PBXBuildFile; fileRef = 04E00AA32726BBF40072A62B /* Choose_My_PetUITestsLaunchTests.swift */; };
/* End PBXBuildFile section */

/* Begin PBXContainerItemProxy section */
		04E00A942726BBF40072A62B /* PBXContainerItemProxy */ = {
			isa = PBXContainerItemProxy;
			containerPortal = 04E00A752726BBEE0072A62B /* Project object */;
			proxyType = 1;
			remoteGlobalIDString = 04E00A7C2726BBEE0072A62B;
			remoteInfo = "Choose My Pet";
		};
		04E00A9E2726BBF40072A62B /* PBXContainerItemProxy */ = {
			isa = PBXContainerItemProxy;
			containerPortal = 04E00A752726BBEE0072A62B /* Project object */;
			proxyType = 1;
			remoteGlobalIDString = 04E00A7C2726BBEE0072A62B;
			remoteInfo = "Choose My Pet";
		};
/* End PBXContainerItemProxy section */

/* Begin PBXFileReference section */
		04E00A7D2726BBEE0072A62B /* Choose My Pet.app */ = {isa = PBXFileReference; explicitFileType = wrapper.application; includeInIndex = 0; path = "Choose My Pet.app"; sourceTree = BUILT_PRODUCTS_DIR; };
		04E00A802726BBEE0072A62B /* AppDelegate.swift */ = {isa = PBXFileReference; lastKnownFileType = sourcecode.swift; path = AppDelegate.swift; sourceTree = "<group>"; };
		04E00A822726BBEE0072A62B /* SceneDelegate.swift */ = {isa = PBXFileReference; lastKnownFileType = sourcecode.swift; path = SceneDelegate.swift; sourceTree = "<group>"; };
		04E00A842726BBEE0072A62B /* ViewController.swift */ = {isa = PBXFileReference; lastKnownFileType = sourcecode.swift; path = ViewController.swift; sourceTree = "<group>"; };
		04E00A872726BBEE0072A62B /* Base */ = {isa = PBXFileReference; lastKnownFileType = file.storyboard; name = Base; path = Base.lproj/Main.storyboard; sourceTree = "<group>"; };
		04E00A892726BBF40072A62B /* Assets.xcassets */ = {isa = PBXFileReference; lastKnownFileType = folder.assetcatalog; path = Assets.xcassets; sourceTree = "<group>"; };
		04E00A8C2726BBF40072A62B /* Base */ = {isa = PBXFileReference; lastKnownFileType = file.storyboard; name = Base; path = Base.lproj/LaunchScreen.storyboard; sourceTree = "<group>"; };
		04E00A8E2726BBF40072A62B /* Info.plist */ = {isa = PBXFileReference; lastKnownFileType = text.plist.xml; path = Info.plist; sourceTree = "<group>"; };
		04E00A932726BBF40072A62B /* Choose My PetTests.xctest */ = {isa = PBXFileReference; explicitFileType = wrapper.cfbundle; includeInIndex = 0; path = "Choose My PetTests.xctest"; sourceTree = BUILT_PRODUCTS_DIR; };
		04E00A972726BBF40072A62B /* Choose_My_PetTests.swift */ = {isa = PBXFileReference; lastKnownFileType = sourcecode.swift; path = Choose_My_PetTests.swift; sourceTree = "<group>"; };
		04E00A9D2726BBF40072A62B /* Choose My PetUITests.xctest */ = {isa = PBXFileReference; explicitFileType = wrapper.cfbundle; includeInIndex = 0; path = "Choose My PetUITests.xctest"; sourceTree = BUILT_PRODUCTS_DIR; };
		04E00AA12726BBF40072A62B /* Choose_My_PetUITests.swift */ = {isa = PBXFileReference; lastKnownFileType = sourcecode.swift; path = Choose_My_PetUITests.swift; sourceTree = "<group>"; };
		04E00AA32726BBF40072A62B /* Choose_My_PetUITestsLaunchTests.swift */ = {isa = PBXFileReference; lastKnownFileType = sourcecode.swift; path = Choose_My_PetUITestsLaunchTests.swift; sourceTree = "<group>"; };
/* End PBXFileReference section */

/* Begin PBXFrameworksBuildPhase section */
		04E00A7A2726BBEE0072A62B /* Frameworks */ = {
			isa = PBXFrameworksBuildPhase;
			buildActionMask = 2147483647;
			files = (
			);
			runOnlyForDeploymentPostprocessing = 0;
		};
		04E00A902726BBF40072A62B /* Frameworks */ = {
			isa = PBXFrameworksBuildPhase;
			buildActionMask = 2147483647;
			files = (
			);
			runOnlyForDeploymentPostprocessing = 0;
		};
		04E00A9A2726BBF40072A62B /* Frameworks */ = {
			isa = PBXFrameworksBuildPhase;
			buildActionMask = 2147483647;
			files = (
			);
			runOnlyForDeploymentPostprocessing = 0;
		};
/* End PBXFrameworksBuildPhase section */

/* Begin PBXGroup section */
		04E00A742726BBEE0072A62B = {
			isa = PBXGroup;
			children = (
				04E00A7F2726BBEE0072A62B /* Choose My Pet */,
				04E00A962726BBF40072A62B /* Choose My PetTests */,
				04E00AA02726BBF40072A62B /* Choose My PetUITests */,
				04E00A7E2726BBEE0072A62B /* Products */,
			);
			sourceTree = "<group>";
		};
		04E00A7E2726BBEE0072A62B /* Products */ = {
			isa = PBXGroup;
			children = (
				04E00A7D2726BBEE0072A62B /* Choose My Pet.app */,
				04E00A932726BBF40072A62B /* Choose My PetTests.xctest */,
				04E00A9D2726BBF40072A62B /* Choose My PetUITests.xctest */,
			);
			name = Products;
			sourceTree = "<group>";
		};
		04E00A7F2726BBEE0072A62B /* Choose My Pet */ = {
			isa = PBXGroup;
			children = (
				04E00A802726BBEE0072A62B /* AppDelegate.swift */,
				04E00A822726BBEE0072A62B /* SceneDelegate.swift */,
				04E00A842726BBEE0072A62B /* ViewController.swift */,
				04E00A862726BBEE0072A62B /* Main.storyboard */,
				04E00A892726BBF40072A62B /* Assets.xcassets */,
				04E00A8B2726BBF40072A62B /* LaunchScreen.storyboard */,
				04E00A8E2726BBF40072A62B /* Info.plist */,
			);
			path = "Choose My Pet";
			sourceTree = "<group>";
		};
		04E00A962726BBF40072A62B /* Choose My PetTests */ = {
			isa = PBXGroup;
			children = (
				04E00A972726BBF40072A62B /* Choose_My_PetTests.swift */,
			);
			path = "Choose My PetTests";
			sourceTree = "<group>";
		};
		04E00AA02726BBF40072A62B /* Choose My PetUITests */ = {
			isa = PBXGroup;
			children = (
				04E00AA12726BBF40072A62B /* Choose_My_PetUITests.swift */,
				04E00AA32726BBF40072A62B /* Choose_My_PetUITestsLaunchTests.swift */,
			);
			path = "Choose My PetUITests";
			sourceTree = "<group>";
		};
/* End PBXGroup section */

/* Begin PBXNativeTarget section */
		04E00A7C2726BBEE0072A62B /* Choose My Pet */ = {
			isa = PBXNativeTarget;
			buildConfigurationList = 04E00AA72726BBF40072A62B /* Build configuration list for PBXNativeTarget "Choose My Pet" */;
			buildPhases = (
				04E00A792726BBEE0072A62B /* Sources */,
				04E00A7A2726BBEE0072A62B /* Frameworks */,
				04E00A7B2726BBEE0072A62B /* Resources */,
			);
			buildRules = (
			);
			dependencies = (
			);
			name = "Choose My Pet";
			productName = "Choose My Pet";
			productReference = 04E00A7D2726BBEE0072A62B /* Choose My Pet.app */;
			productType = "com.apple.product-type.application";
		};
		04E00A922726BBF40072A62B /* Choose My PetTests */ = {
			isa = PBXNativeTarget;
			buildConfigurationList = 04E00AAA2726BBF40072A62B /* Build configuration list for PBXNativeTarget "Choose My PetTests" */;
			buildPhases = (
				04E00A8F2726BBF40072A62B /* Sources */,
				04E00A902726BBF40072A62B /* Frameworks */,
				04E00A912726BBF40072A62B /* Resources */,
			);
			buildRules = (
			);
			dependencies = (
				04E00A952726BBF40072A62B /* PBXTargetDependency */,
			);
			name = "Choose My PetTests";
			productName = "Choose My PetTests";
			productReference = 04E00A932726BBF40072A62B /* Choose My PetTests.xctest */;
			productType = "com.apple.product-type.bundle.unit-test";
		};
		04E00A9C2726BBF40072A62B /* Choose My PetUITests */ = {
			isa = PBXNativeTarget;
			buildConfigurationList = 04E00AAD2726BBF40072A62B /* Build configuration list for PBXNativeTarget "Choose My PetUITests" */;
			buildPhases = (
				04E00A992726BBF40072A62B /* Sources */,
				04E00A9A2726BBF40072A62B /* Frameworks */,
				04E00A9B2726BBF40072A62B /* Resources */,
			);
			buildRules = (
			);
			dependencies = (
				04E00A9F2726BBF40072A62B /* PBXTargetDependency */,
			);
			name = "Choose My PetUITests";
			productName = "Choose My PetUITests";
			productReference = 04E00A9D2726BBF40072A62B /* Choose My PetUITests.xctest */;
			productType = "com.apple.product-type.bundle.ui-testing";
		};
/* End PBXNativeTarget section */

/* Begin PBXProject section */
		04E00A752726BBEE0072A62B /* Project object */ = {
			isa = PBXProject;
			attributes = {
				BuildIndependentTargetsInParallel = 1;
				LastSwiftUpdateCheck = 1300;
				LastUpgradeCheck = 1300;
				TargetAttributes = {
					04E00A7C2726BBEE0072A62B = {
						CreatedOnToolsVersion = 13.0;
					};
					04E00A922726BBF40072A62B = {
						CreatedOnToolsVersion = 13.0;
						TestTargetID = 04E00A7C2726BBEE0072A62B;
					};
					04E00A9C2726BBF40072A62B = {
						CreatedOnToolsVersion = 13.0;
						TestTargetID = 04E00A7C2726BBEE0072A62B;
					};
				};
			};
			buildConfigurationList = 04E00A782726BBEE0072A62B /* Build configuration list for PBXProject "Choose My Pet" */;
			compatibilityVersion = "Xcode 13.0";
			developmentRegion = en;
			hasScannedForEncodings = 0;
			knownRegions = (
				en,
				Base,
			);
			mainGroup = 04E00A742726BBEE0072A62B;
			productRefGroup = 04E00A7E2726BBEE0072A62B /* Products */;
			projectDirPath = "";
			projectRoot = "";
			targets = (
				04E00A7C2726BBEE0072A62B /* Choose My Pet */,
				04E00A922726BBF40072A62B /* Choose My PetTests */,
				04E00A9C2726BBF40072A62B /* Choose My PetUITests */,
			);
		};
/* End PBXProject section */

/* Begin PBXResourcesBuildPhase section */
		04E00A7B2726BBEE0072A62B /* Resources */ = {
			isa = PBXResourcesBuildPhase;
			buildActionMask = 2147483647;
			files = (
				04E00A8D2726BBF40072A62B /* LaunchScreen.storyboard in Resources */,
				04E00A8A2726BBF40072A62B /* Assets.xcassets in Resources */,
				04E00A882726BBEE0072A62B /* Main.storyboard in Resources */,
			);
			runOnlyForDeploymentPostprocessing = 0;
		};
		04E00A912726BBF40072A62B /* Resources */ = {
			isa = PBXResourcesBuildPhase;
			buildActionMask = 2147483647;
			files = (
			);
			runOnlyForDeploymentPostprocessing = 0;
		};
		04E00A9B2726BBF40072A62B /* Resources */ = {
			isa = PBXResourcesBuildPhase;
			buildActionMask = 2147483647;
			files = (
			);
			runOnlyForDeploymentPostprocessing = 0;
		};
/* End PBXResourcesBuildPhase section */

/* Begin PBXSourcesBuildPhase section */
		04E00A792726BBEE0072A62B /* Sources */ = {
			isa = PBXSourcesBuildPhase;
			buildActionMask = 2147483647;
			files = (
				04E00A852726BBEE0072A62B /* ViewController.swift in Sources */,
				04E00A812726BBEE0072A62B /* AppDelegate.swift in Sources */,
				04E00A832726BBEE0072A62B /* SceneDelegate.swift in Sources */,
			);
			runOnlyForDeploymentPostprocessing = 0;
		};
		04E00A8F2726BBF40072A62B /* Sources */ = {
			isa = PBXSourcesBuildPhase;
			buildActionMask = 2147483647;
			files = (
				04E00A982726BBF40072A62B /* Choose_My_PetTests.swift in Sources */,
			);
			runOnlyForDeploymentPostprocessing = 0;
		};
		04E00A992726BBF40072A62B /* Sources */ = {
			isa = PBXSourcesBuildPhase;
			buildActionMask = 2147483647;
			files = (
				04E00AA22726BBF40072A62B /* Choose_My_PetUITests.swift in Sources */,
				04E00AA42726BBF40072A62B /* Choose_My_PetUITestsLaunchTests.swift in Sources */,
			);
			runOnlyForDeploymentPostprocessing = 0;
		};
/* End PBXSourcesBuildPhase section */

/* Begin PBXTargetDependency section */
		04E00A952726BBF40072A62B /* PBXTargetDependency */ = {
			isa = PBXTargetDependency;
			target = 04E00A7C2726BBEE0072A62B /* Choose My Pet */;
			targetProxy = 04E00A942726BBF40072A62B /* PBXContainerItemProxy */;
		};
		04E00A9F2726BBF40072A62B /* PBXTargetDependency */ = {
			isa = PBXTargetDependency;
			target = 04E00A7C2726BBEE0072A62B /* Choose My Pet */;
			targetProxy = 04E00A9E2726BBF40072A62B /* PBXContainerItemProxy */;
		};
/* End PBXTargetDependency section */

/* Begin PBXVariantGroup section */
		04E00A862726BBEE0072A62B /* Main.storyboard */ = {
			isa = PBXVariantGroup;
			children = (
				04E00A872726BBEE0072A62B /* Base */,
			);
			name = Main.storyboard;
			sourceTree = "<group>";
		};
		04E00A8B2726BBF40072A62B /* LaunchScreen.storyboard */ = {
			isa = PBXVariantGroup;
			children = (
				04E00A8C2726BBF40072A62B /* Base */,
			);
			name = LaunchScreen.storyboard;
			sourceTree = "<group>";
		};
/* End PBXVariantGroup section */

/* Begin XCBuildConfiguration section */
		04E00AA52726BBF40072A62B /* Debug */ = {
			isa = XCBuildConfiguration;
			buildSettings = {
				ALWAYS_SEARCH_USER_PATHS = NO;
				CLANG_ANALYZER_NONNULL = YES;
				CLANG_ANALYZER_NUMBER_OBJECT_CONVERSION = YES_AGGRESSIVE;
				CLANG_CXX_LANGUAGE_STANDARD = "gnu++17";
				CLANG_CXX_LIBRARY = "libc++";
				CLANG_ENABLE_MODULES = YES;
				CLANG_ENABLE_OBJC_ARC = YES;
				CLANG_ENABLE_OBJC_WEAK = YES;
				CLANG_WARN_BLOCK_CAPTURE_AUTORELEASING = YES;
				CLANG_WARN_BOOL_CONVERSION = YES;
				CLANG_WARN_COMMA = YES;
				CLANG_WARN_CONSTANT_CONVERSION = YES;
				CLANG_WARN_DEPRECATED_OBJC_IMPLEMENTATIONS = YES;
				CLANG_WARN_DIRECT_OBJC_ISA_USAGE = YES_ERROR;
				CLANG_WARN_DOCUMENTATION_COMMENTS = YES;
				CLANG_WARN_EMPTY_BODY = YES;
				CLANG_WARN_ENUM_CONVERSION = YES;
				CLANG_WARN_INFINITE_RECURSION = YES;
				CLANG_WARN_INT_CONVERSION = YES;
				CLANG_WARN_NON_LITERAL_NULL_CONVERSION = YES;
				CLANG_WARN_OBJC_IMPLICIT_RETAIN_SELF = YES;
				CLANG_WARN_OBJC_LITERAL_CONVERSION = YES;
				CLANG_WARN_OBJC_ROOT_CLASS = YES_ERROR;
				CLANG_WARN_QUOTED_INCLUDE_IN_FRAMEWORK_HEADER = YES;
				CLANG_WARN_RANGE_LOOP_ANALYSIS = YES;
				CLANG_WARN_STRICT_PROTOTYPES = YES;
				CLANG_WARN_SUSPICIOUS_MOVE = YES;
				CLANG_WARN_UNGUARDED_AVAILABILITY = YES_AGGRESSIVE;
				CLANG_WARN_UNREACHABLE_CODE = YES;
				CLANG_WARN__DUPLICATE_METHOD_MATCH = YES;
				COPY_PHASE_STRIP = NO;
				DEBUG_INFORMATION_FORMAT = dwarf;
				ENABLE_STRICT_OBJC_MSGSEND = YES;
				ENABLE_TESTABILITY = YES;
				GCC_C_LANGUAGE_STANDARD = gnu11;
				GCC_DYNAMIC_NO_PIC = NO;
				GCC_NO_COMMON_BLOCKS = YES;
				GCC_OPTIMIZATION_LEVEL = 0;
				GCC_PREPROCESSOR_DEFINITIONS = (
					"DEBUG=1",
					"$(inherited)",
				);
				GCC_WARN_64_TO_32_BIT_CONVERSION = YES;
				GCC_WARN_ABOUT_RETURN_TYPE = YES_ERROR;
				GCC_WARN_UNDECLARED_SELECTOR = YES;
				GCC_WARN_UNINITIALIZED_AUTOS = YES_AGGRESSIVE;
				GCC_WARN_UNUSED_FUNCTION = YES;
				GCC_WARN_UNUSED_VARIABLE = YES;
				IPHONEOS_DEPLOYMENT_TARGET = 15.0;
				MTL_ENABLE_DEBUG_INFO = INCLUDE_SOURCE;
				MTL_FAST_MATH = YES;
				ONLY_ACTIVE_ARCH = YES;
				SDKROOT = iphoneos;
				SWIFT_ACTIVE_COMPILATION_CONDITIONS = DEBUG;
				SWIFT_OPTIMIZATION_LEVEL = "-Onone";
			};
			name = Debug;
		};
		04E00AA62726BBF40072A62B /* Release */ = {
			isa = XCBuildConfiguration;
			buildSettings = {
				ALWAYS_SEARCH_USER_PATHS = NO;
				CLANG_ANALYZER_NONNULL = YES;
				CLANG_ANALYZER_NUMBER_OBJECT_CONVERSION = YES_AGGRESSIVE;
				CLANG_CXX_LANGUAGE_STANDARD = "gnu++17";
				CLANG_CXX_LIBRARY = "libc++";
				CLANG_ENABLE_MODULES = YES;
				CLANG_ENABLE_OBJC_ARC = YES;
				CLANG_ENABLE_OBJC_WEAK = YES;
				CLANG_WARN_BLOCK_CAPTURE_AUTORELEASING = YES;
				CLANG_WARN_BOOL_CONVERSION = YES;
				CLANG_WARN_COMMA = YES;
				CLANG_WARN_CONSTANT_CONVERSION = YES;
				CLANG_WARN_DEPRECATED_OBJC_IMPLEMENTATIONS = YES;
				CLANG_WARN_DIRECT_OBJC_ISA_USAGE = YES_ERROR;
				CLANG_WARN_DOCUMENTATION_COMMENTS = YES;
				CLANG_WARN_EMPTY_BODY = YES;
				CLANG_WARN_ENUM_CONVERSION = YES;
				CLANG_WARN_INFINITE_RECURSION = YES;
				CLANG_WARN_INT_CONVERSION = YES;
				CLANG_WARN_NON_LITERAL_NULL_CONVERSION = YES;
				CLANG_WARN_OBJC_IMPLICIT_RETAIN_SELF = YES;
				CLANG_WARN_OBJC_LITERAL_CONVERSION = YES;
				CLANG_WARN_OBJC_ROOT_CLASS = YES_ERROR;
				CLANG_WARN_QUOTED_INCLUDE_IN_FRAMEWORK_HEADER = YES;
				CLANG_WARN_RANGE_LOOP_ANALYSIS = YES;
				CLANG_WARN_STRICT_PROTOTYPES = YES;
				CLANG_WARN_SUSPICIOUS_MOVE = YES;
				CLANG_WARN_UNGUARDED_AVAILABILITY = YES_AGGRESSIVE;
				CLANG_WARN_UNREACHABLE_CODE = YES;
				CLANG_WARN__DUPLICATE_METHOD_MATCH = YES;
				COPY_PHASE_STRIP = NO;
				DEBUG_INFORMATION_FORMAT = "dwarf-with-dsym";
				ENABLE_NS_ASSERTIONS = NO;
				ENABLE_STRICT_OBJC_MSGSEND = YES;
				GCC_C_LANGUAGE_STANDARD = gnu11;
				GCC_NO_COMMON_BLOCKS = YES;
				GCC_WARN_64_TO_32_BIT_CONVERSION = YES;
				GCC_WARN_ABOUT_RETURN_TYPE = YES_ERROR;
				GCC_WARN_UNDECLARED_SELECTOR = YES;
				GCC_WARN_UNINITIALIZED_AUTOS = YES_AGGRESSIVE;
				GCC_WARN_UNUSED_FUNCTION = YES;
				GCC_WARN_UNUSED_VARIABLE = YES;
				IPHONEOS_DEPLOYMENT_TARGET = 15.0;
				MTL_ENABLE_DEBUG_INFO = NO;
				MTL_FAST_MATH = YES;
				SDKROOT = iphoneos;
				SWIFT_COMPILATION_MODE = wholemodule;
				SWIFT_OPTIMIZATION_LEVEL = "-O";
				VALIDATE_PRODUCT = YES;
			};
			name = Release;
		};
		04E00AA82726BBF40072A62B /* Debug */ = {
			isa = XCBuildConfiguration;
			buildSettings = {
				ASSETCATALOG_COMPILER_APPICON_NAME = AppIcon;
				ASSETCATALOG_COMPILER_GLOBAL_ACCENT_COLOR_NAME = AccentColor;
				CODE_SIGN_STYLE = Automatic;
				CURRENT_PROJECT_VERSION = 1;
				GENERATE_INFOPLIST_FILE = YES;
				INFOPLIST_FILE = "Choose My Pet/Info.plist";
				INFOPLIST_KEY_UIApplicationSupportsIndirectInputEvents = YES;
				INFOPLIST_KEY_UILaunchStoryboardName = LaunchScreen;
				INFOPLIST_KEY_UIMainStoryboardFile = Main;
				INFOPLIST_KEY_UISupportedInterfaceOrientations_iPad = "UIInterfaceOrientationPortrait UIInterfaceOrientationPortraitUpsideDown UIInterfaceOrientationLandscapeLeft UIInterfaceOrientationLandscapeRight";
				INFOPLIST_KEY_UISupportedInterfaceOrientations_iPhone = "UIInterfaceOrientationPortrait UIInterfaceOrientationLandscapeLeft UIInterfaceOrientationLandscapeRight";
				LD_RUNPATH_SEARCH_PATHS = (
					"$(inherited)",
					"@executable_path/Frameworks",
				);
				MARKETING_VERSION = 1.0;
				PRODUCT_BUNDLE_IDENTIFIER = "com.google.Choose-My-Pet";
				PRODUCT_NAME = "$(TARGET_NAME)";
				SWIFT_EMIT_LOC_STRINGS = YES;
				SWIFT_VERSION = 5.0;
				TARGETED_DEVICE_FAMILY = "1,2";
			};
			name = Debug;
		};
		04E00AA92726BBF40072A62B /* Release */ = {
			isa = XCBuildConfiguration;
			buildSettings = {
				ASSETCATALOG_COMPILER_APPICON_NAME = AppIcon;
				ASSETCATALOG_COMPILER_GLOBAL_ACCENT_COLOR_NAME = AccentColor;
				CODE_SIGN_STYLE = Automatic;
				CURRENT_PROJECT_VERSION = 1;
				GENERATE_INFOPLIST_FILE = YES;
				INFOPLIST_FILE = "Choose My Pet/Info.plist";
				INFOPLIST_KEY_UIApplicationSupportsIndirectInputEvents = YES;
				INFOPLIST_KEY_UILaunchStoryboardName = LaunchScreen;
				INFOPLIST_KEY_UIMainStoryboardFile = Main;
				INFOPLIST_KEY_UISupportedInterfaceOrientations_iPad = "UIInterfaceOrientationPortrait UIInterfaceOrientationPortraitUpsideDown UIInterfaceOrientationLandscapeLeft UIInterfaceOrientationLandscapeRight";
				INFOPLIST_KEY_UISupportedInterfaceOrientations_iPhone = "UIInterfaceOrientationPortrait UIInterfaceOrientationLandscapeLeft UIInterfaceOrientationLandscapeRight";
				LD_RUNPATH_SEARCH_PATHS = (
					"$(inherited)",
					"@executable_path/Frameworks",
				);
				MARKETING_VERSION = 1.0;
				PRODUCT_BUNDLE_IDENTIFIER = "com.google.Choose-My-Pet";
				PRODUCT_NAME = "$(TARGET_NAME)";
				SWIFT_EMIT_LOC_STRINGS = YES;
				SWIFT_VERSION = 5.0;
				TARGETED_DEVICE_FAMILY = "1,2";
			};
			name = Release;
		};
		04E00AAB2726BBF40072A62B /* Debug */ = {
			isa = XCBuildConfiguration;
			buildSettings = {
				ALWAYS_EMBED_SWIFT_STANDARD_LIBRARIES = YES;
				BUNDLE_LOADER = "$(TEST_HOST)";
				CODE_SIGN_STYLE = Automatic;
				CURRENT_PROJECT_VERSION = 1;
				GENERATE_INFOPLIST_FILE = YES;
				IPHONEOS_DEPLOYMENT_TARGET = 15.0;
				LD_RUNPATH_SEARCH_PATHS = (
					"$(inherited)",
					"@executable_path/Frameworks",
					"@loader_path/Frameworks",
				);
				MARKETING_VERSION = 1.0;
				PRODUCT_BUNDLE_IDENTIFIER = "com.google.Choose-My-PetTests";
				PRODUCT_NAME = "$(TARGET_NAME)";
				SWIFT_EMIT_LOC_STRINGS = NO;
				SWIFT_VERSION = 5.0;
				TARGETED_DEVICE_FAMILY = "1,2";
				TEST_HOST = "$(BUILT_PRODUCTS_DIR)/Choose My Pet.app/Choose My Pet";
			};
			name = Debug;
		};
		04E00AAC2726BBF40072A62B /* Release */ = {
			isa = XCBuildConfiguration;
			buildSettings = {
				ALWAYS_EMBED_SWIFT_STANDARD_LIBRARIES = YES;
				BUNDLE_LOADER = "$(TEST_HOST)";
				CODE_SIGN_STYLE = Automatic;
				CURRENT_PROJECT_VERSION = 1;
				GENERATE_INFOPLIST_FILE = YES;
				IPHONEOS_DEPLOYMENT_TARGET = 15.0;
				LD_RUNPATH_SEARCH_PATHS = (
					"$(inherited)",
					"@executable_path/Frameworks",
					"@loader_path/Frameworks",
				);
				MARKETING_VERSION = 1.0;
				PRODUCT_BUNDLE_IDENTIFIER = "com.google.Choose-My-PetTests";
				PRODUCT_NAME = "$(TARGET_NAME)";
				SWIFT_EMIT_LOC_STRINGS = NO;
				SWIFT_VERSION = 5.0;
				TARGETED_DEVICE_FAMILY = "1,2";
				TEST_HOST = "$(BUILT_PRODUCTS_DIR)/Choose My Pet.app/Choose My Pet";
			};
			name = Release;
		};
		04E00AAE2726BBF40072A62B /* Debug */ = {
			isa = XCBuildConfiguration;
			buildSettings = {
				ALWAYS_EMBED_SWIFT_STANDARD_LIBRARIES = YES;
				CODE_SIGN_STYLE = Automatic;
				CURRENT_PROJECT_VERSION = 1;
				GENERATE_INFOPLIST_FILE = YES;
				LD_RUNPATH_SEARCH_PATHS = (
					"$(inherited)",
					"@executable_path/Frameworks",
					"@loader_path/Frameworks",
				);
				MARKETING_VERSION = 1.0;
				PRODUCT_BUNDLE_IDENTIFIER = "com.google.Choose-My-PetUITests";
				PRODUCT_NAME = "$(TARGET_NAME)";
				SWIFT_EMIT_LOC_STRINGS = NO;
				SWIFT_VERSION = 5.0;
				TARGETED_DEVICE_FAMILY = "1,2";
				TEST_TARGET_NAME = "Choose My Pet";
			};
			name = Debug;
		};
		04E00AAF2726BBF40072A62B /* Release */ = {
			isa = XCBuildConfiguration;
			buildSettings = {
				ALWAYS_EMBED_SWIFT_STANDARD_LIBRARIES = YES;
				CODE_SIGN_STYLE = Automatic;
				CURRENT_PROJECT_VERSION = 1;
				GENERATE_INFOPLIST_FILE = YES;
				LD_RUNPATH_SEARCH_PATHS = (
					"$(inherited)",
					"@executable_path/Frameworks",
					"@loader_path/Frameworks",
				);
				MARKETING_VERSION = 1.0;
				PRODUCT_BUNDLE_IDENTIFIER = "com.google.Choose-My-PetUITests";
				PRODUCT_NAME = "$(TARGET_NAME)";
				SWIFT_EMIT_LOC_STRINGS = NO;
				SWIFT_VERSION = 5.0;
				TARGETED_DEVICE_FAMILY = "1,2";
				TEST_TARGET_NAME = "Choose My Pet";
			};
			name = Release;
		};
/* End XCBuildConfiguration section */

/* Begin XCConfigurationList section */
		04E00A782726BBEE0072A62B /* Build configuration list for PBXProject "Choose My Pet" */ = {
			isa = XCConfigurationList;
			buildConfigurations = (
				04E00AA52726BBF40072A62B /* Debug */,
				04E00AA62726BBF40072A62B /* Release */,
			);
			defaultConfigurationIsVisible = 0;
			defaultConfigurationName = Release;
		};
		04E00AA72726BBF40072A62B /* Build configuration list for PBXNativeTarget "Choose My Pet" */ = {
			isa = XCConfigurationList;
			buildConfigurations = (
				04E00AA82726BBF40072A62B /* Debug */,
				04E00AA92726BBF40072A62B /* Release */,
			);
			defaultConfigurationIsVisible = 0;
			defaultConfigurationName = Release;
		};
		04E00AAA2726BBF40072A62B /* Build configuration list for PBXNativeTarget "Choose My PetTests" */ = {
			isa = XCConfigurationList;
			buildConfigurations = (
				04E00AAB2726BBF40072A62B /* Debug */,
				04E00AAC2726BBF40072A62B /* Release */,
			);
			defaultConfigurationIsVisible = 0;
			defaultConfigurationName = Release;
		};
		04E00AAD2726BBF40072A62B /* Build configuration list for PBXNativeTarget "Choose My PetUITests" */ = {
			isa = XCConfigurationList;
			buildConfigurations = (
				04E00AAE2726BBF40072A62B /* Debug */,
				04E00AAF2726BBF40072A62B /* Release */,
			);
			defaultConfigurationIsVisible = 0;
			defaultConfigurationName = Release;
		};
/* End XCConfigurationList section */
	};
	rootObject = 04E00A752726BBEE0072A62B /* Project object */;
}
